// !$*UTF8*$!
{
	archiveVersion = 1;
	classes = {
	};
	objectVersion = 56;
	objects = {

/* Begin PBXBuildFile section */
		F40E26F92C1EC292008AF5C6 /* AppDelegate.swift in Sources */ = {isa = PBXBuildFile; fileRef = F40E26F82C1EC292008AF5C6 /* AppDelegate.swift */; };
		F40E26FB2C1EC292008AF5C6 /* SceneDelegate.swift in Sources */ = {isa = PBXBuildFile; fileRef = F40E26FA2C1EC292008AF5C6 /* SceneDelegate.swift */; };
		F40E26FD2C1EC292008AF5C6 /* ViewController.swift in Sources */ = {isa = PBXBuildFile; fileRef = F40E26FC2C1EC292008AF5C6 /* ViewController.swift */; };
		F40E27002C1EC292008AF5C6 /* Base in Resources */ = {isa = PBXBuildFile; fileRef = F40E26FF2C1EC292008AF5C6 /* Base */; };
		F40E27022C1EC293008AF5C6 /* Assets.xcassets in Resources */ = {isa = PBXBuildFile; fileRef = F40E27012C1EC293008AF5C6 /* Assets.xcassets */; };
		F40E27052C1EC293008AF5C6 /* Base in Resources */ = {isa = PBXBuildFile; fileRef = F40E27042C1EC293008AF5C6 /* Base */; };
		F40E27102C1EC294008AF5C6 /* iOS_mvvm_practiceTests.swift in Sources */ = {isa = PBXBuildFile; fileRef = F40E270F2C1EC294008AF5C6 /* iOS_mvvm_practiceTests.swift */; };
		F40E271A2C1EC294008AF5C6 /* iOS_mvvm_practiceUITests.swift in Sources */ = {isa = PBXBuildFile; fileRef = F40E27192C1EC294008AF5C6 /* iOS_mvvm_practiceUITests.swift */; };
		F40E271C2C1EC294008AF5C6 /* iOS_mvvm_practiceUITestsLaunchTests.swift in Sources */ = {isa = PBXBuildFile; fileRef = F40E271B2C1EC294008AF5C6 /* iOS_mvvm_practiceUITestsLaunchTests.swift */; };
		F40E272C2C1ECE7C008AF5C6 /* QuestionModel.swift in Sources */ = {isa = PBXBuildFile; fileRef = F40E272B2C1ECE7C008AF5C6 /* QuestionModel.swift */; };
		F40E272E2C1ED97D008AF5C6 /* QuestionViewModel.swift in Sources */ = {isa = PBXBuildFile; fileRef = F40E272D2C1ED97D008AF5C6 /* QuestionViewModel.swift */; };
/* End PBXBuildFile section */

/* Begin PBXContainerItemProxy section */
		F40E270C2C1EC294008AF5C6 /* PBXContainerItemProxy */ = {
			isa = PBXContainerItemProxy;
			containerPortal = F40E26ED2C1EC292008AF5C6 /* Project object */;
			proxyType = 1;
			remoteGlobalIDString = F40E26F42C1EC292008AF5C6;
			remoteInfo = "iOS-mvvm-practice";
		};
		F40E27162C1EC294008AF5C6 /* PBXContainerItemProxy */ = {
			isa = PBXContainerItemProxy;
			containerPortal = F40E26ED2C1EC292008AF5C6 /* Project object */;
			proxyType = 1;
			remoteGlobalIDString = F40E26F42C1EC292008AF5C6;
			remoteInfo = "iOS-mvvm-practice";
		};
/* End PBXContainerItemProxy section */

/* Begin PBXFileReference section */
		F40E26F52C1EC292008AF5C6 /* iOS-mvvm-practice.app */ = {isa = PBXFileReference; explicitFileType = wrapper.application; includeInIndex = 0; path = "iOS-mvvm-practice.app"; sourceTree = BUILT_PRODUCTS_DIR; };
		F40E26F82C1EC292008AF5C6 /* AppDelegate.swift */ = {isa = PBXFileReference; lastKnownFileType = sourcecode.swift; path = AppDelegate.swift; sourceTree = "<group>"; };
		F40E26FA2C1EC292008AF5C6 /* SceneDelegate.swift */ = {isa = PBXFileReference; lastKnownFileType = sourcecode.swift; path = SceneDelegate.swift; sourceTree = "<group>"; };
		F40E26FC2C1EC292008AF5C6 /* ViewController.swift */ = {isa = PBXFileReference; lastKnownFileType = sourcecode.swift; path = ViewController.swift; sourceTree = "<group>"; };
		F40E26FF2C1EC292008AF5C6 /* Base */ = {isa = PBXFileReference; lastKnownFileType = file.storyboard; name = Base; path = Base.lproj/Main.storyboard; sourceTree = "<group>"; };
		F40E27012C1EC293008AF5C6 /* Assets.xcassets */ = {isa = PBXFileReference; lastKnownFileType = folder.assetcatalog; path = Assets.xcassets; sourceTree = "<group>"; };
		F40E27042C1EC293008AF5C6 /* Base */ = {isa = PBXFileReference; lastKnownFileType = file.storyboard; name = Base; path = Base.lproj/LaunchScreen.storyboard; sourceTree = "<group>"; };
		F40E27062C1EC293008AF5C6 /* Info.plist */ = {isa = PBXFileReference; lastKnownFileType = text.plist.xml; path = Info.plist; sourceTree = "<group>"; };
		F40E270B2C1EC294008AF5C6 /* iOS-mvvm-practiceTests.xctest */ = {isa = PBXFileReference; explicitFileType = wrapper.cfbundle; includeInIndex = 0; path = "iOS-mvvm-practiceTests.xctest"; sourceTree = BUILT_PRODUCTS_DIR; };
		F40E270F2C1EC294008AF5C6 /* iOS_mvvm_practiceTests.swift */ = {isa = PBXFileReference; lastKnownFileType = sourcecode.swift; path = iOS_mvvm_practiceTests.swift; sourceTree = "<group>"; };
		F40E27152C1EC294008AF5C6 /* iOS-mvvm-practiceUITests.xctest */ = {isa = PBXFileReference; explicitFileType = wrapper.cfbundle; includeInIndex = 0; path = "iOS-mvvm-practiceUITests.xctest"; sourceTree = BUILT_PRODUCTS_DIR; };
		F40E27192C1EC294008AF5C6 /* iOS_mvvm_practiceUITests.swift */ = {isa = PBXFileReference; lastKnownFileType = sourcecode.swift; path = iOS_mvvm_practiceUITests.swift; sourceTree = "<group>"; };
		F40E271B2C1EC294008AF5C6 /* iOS_mvvm_practiceUITestsLaunchTests.swift */ = {isa = PBXFileReference; lastKnownFileType = sourcecode.swift; path = iOS_mvvm_practiceUITestsLaunchTests.swift; sourceTree = "<group>"; };
		F40E272B2C1ECE7C008AF5C6 /* QuestionModel.swift */ = {isa = PBXFileReference; lastKnownFileType = sourcecode.swift; path = QuestionModel.swift; sourceTree = "<group>"; };
		F40E272D2C1ED97D008AF5C6 /* QuestionViewModel.swift */ = {isa = PBXFileReference; lastKnownFileType = sourcecode.swift; path = QuestionViewModel.swift; sourceTree = "<group>"; };
/* End PBXFileReference section */

/* Begin PBXFrameworksBuildPhase section */
		F40E26F22C1EC292008AF5C6 /* Frameworks */ = {
			isa = PBXFrameworksBuildPhase;
			buildActionMask = 2147483647;
			files = (
			);
			runOnlyForDeploymentPostprocessing = 0;
		};
		F40E27082C1EC294008AF5C6 /* Frameworks */ = {
			isa = PBXFrameworksBuildPhase;
			buildActionMask = 2147483647;
			files = (
			);
			runOnlyForDeploymentPostprocessing = 0;
		};
		F40E27122C1EC294008AF5C6 /* Frameworks */ = {
			isa = PBXFrameworksBuildPhase;
			buildActionMask = 2147483647;
			files = (
			);
			runOnlyForDeploymentPostprocessing = 0;
		};
/* End PBXFrameworksBuildPhase section */

/* Begin PBXGroup section */
		F40E26EC2C1EC292008AF5C6 = {
			isa = PBXGroup;
			children = (
				F40E26F72C1EC292008AF5C6 /* iOS-mvvm-practice */,
				F40E270E2C1EC294008AF5C6 /* iOS-mvvm-practiceTests */,
				F40E27182C1EC294008AF5C6 /* iOS-mvvm-practiceUITests */,
				F40E26F62C1EC292008AF5C6 /* Products */,
			);
			sourceTree = "<group>";
		};
		F40E26F62C1EC292008AF5C6 /* Products */ = {
			isa = PBXGroup;
			children = (
				F40E26F52C1EC292008AF5C6 /* iOS-mvvm-practice.app */,
				F40E270B2C1EC294008AF5C6 /* iOS-mvvm-practiceTests.xctest */,
				F40E27152C1EC294008AF5C6 /* iOS-mvvm-practiceUITests.xctest */,
			);
			name = Products;
			sourceTree = "<group>";
		};
		F40E26F72C1EC292008AF5C6 /* iOS-mvvm-practice */ = {
			isa = PBXGroup;
			children = (
				F40E272A2C1EC364008AF5C6 /* Controller */,
				F40E27292C1EC358008AF5C6 /* Model */,
				F40E27282C1EC34E008AF5C6 /* View Model */,
				F40E26F82C1EC292008AF5C6 /* AppDelegate.swift */,
				F40E26FA2C1EC292008AF5C6 /* SceneDelegate.swift */,
				F40E26FE2C1EC292008AF5C6 /* Main.storyboard */,
				F40E27012C1EC293008AF5C6 /* Assets.xcassets */,
				F40E27032C1EC293008AF5C6 /* LaunchScreen.storyboard */,
				F40E27062C1EC293008AF5C6 /* Info.plist */,
			);
			path = "iOS-mvvm-practice";
			sourceTree = "<group>";
		};
		F40E270E2C1EC294008AF5C6 /* iOS-mvvm-practiceTests */ = {
			isa = PBXGroup;
			children = (
				F40E270F2C1EC294008AF5C6 /* iOS_mvvm_practiceTests.swift */,
			);
			path = "iOS-mvvm-practiceTests";
			sourceTree = "<group>";
		};
		F40E27182C1EC294008AF5C6 /* iOS-mvvm-practiceUITests */ = {
			isa = PBXGroup;
			children = (
				F40E27192C1EC294008AF5C6 /* iOS_mvvm_practiceUITests.swift */,
				F40E271B2C1EC294008AF5C6 /* iOS_mvvm_practiceUITestsLaunchTests.swift */,
			);
			path = "iOS-mvvm-practiceUITests";
			sourceTree = "<group>";
		};
		F40E27282C1EC34E008AF5C6 /* View Model */ = {
			isa = PBXGroup;
			children = (
				F40E272D2C1ED97D008AF5C6 /* QuestionViewModel.swift */,
			);
			path = "View Model";
			sourceTree = "<group>";
		};
		F40E27292C1EC358008AF5C6 /* Model */ = {
			isa = PBXGroup;
			children = (
				F40E272B2C1ECE7C008AF5C6 /* QuestionModel.swift */,
			);
			path = Model;
			sourceTree = "<group>";
		};
		F40E272A2C1EC364008AF5C6 /* Controller */ = {
			isa = PBXGroup;
			children = (
				F40E26FC2C1EC292008AF5C6 /* ViewController.swift */,
			);
			path = Controller;
			sourceTree = "<group>";
		};
/* End PBXGroup section */

/* Begin PBXNativeTarget section */
		F40E26F42C1EC292008AF5C6 /* iOS-mvvm-practice */ = {
			isa = PBXNativeTarget;
			buildConfigurationList = F40E271F2C1EC294008AF5C6 /* Build configuration list for PBXNativeTarget "iOS-mvvm-practice" */;
			buildPhases = (
				F40E26F12C1EC292008AF5C6 /* Sources */,
				F40E26F22C1EC292008AF5C6 /* Frameworks */,
				F40E26F32C1EC292008AF5C6 /* Resources */,
			);
			buildRules = (
			);
			dependencies = (
			);
			name = "iOS-mvvm-practice";
			productName = "iOS-mvvm-practice";
			productReference = F40E26F52C1EC292008AF5C6 /* iOS-mvvm-practice.app */;
			productType = "com.apple.product-type.application";
		};
		F40E270A2C1EC294008AF5C6 /* iOS-mvvm-practiceTests */ = {
			isa = PBXNativeTarget;
			buildConfigurationList = F40E27222C1EC294008AF5C6 /* Build configuration list for PBXNativeTarget "iOS-mvvm-practiceTests" */;
			buildPhases = (
				F40E27072C1EC294008AF5C6 /* Sources */,
				F40E27082C1EC294008AF5C6 /* Frameworks */,
				F40E27092C1EC294008AF5C6 /* Resources */,
			);
			buildRules = (
			);
			dependencies = (
				F40E270D2C1EC294008AF5C6 /* PBXTargetDependency */,
			);
			name = "iOS-mvvm-practiceTests";
			productName = "iOS-mvvm-practiceTests";
			productReference = F40E270B2C1EC294008AF5C6 /* iOS-mvvm-practiceTests.xctest */;
			productType = "com.apple.product-type.bundle.unit-test";
		};
		F40E27142C1EC294008AF5C6 /* iOS-mvvm-practiceUITests */ = {
			isa = PBXNativeTarget;
			buildConfigurationList = F40E27252C1EC294008AF5C6 /* Build configuration list for PBXNativeTarget "iOS-mvvm-practiceUITests" */;
			buildPhases = (
				F40E27112C1EC294008AF5C6 /* Sources */,
				F40E27122C1EC294008AF5C6 /* Frameworks */,
				F40E27132C1EC294008AF5C6 /* Resources */,
			);
			buildRules = (
			);
			dependencies = (
				F40E27172C1EC294008AF5C6 /* PBXTargetDependency */,
			);
			name = "iOS-mvvm-practiceUITests";
			productName = "iOS-mvvm-practiceUITests";
			productReference = F40E27152C1EC294008AF5C6 /* iOS-mvvm-practiceUITests.xctest */;
			productType = "com.apple.product-type.bundle.ui-testing";
		};
/* End PBXNativeTarget section */

/* Begin PBXProject section */
		F40E26ED2C1EC292008AF5C6 /* Project object */ = {
			isa = PBXProject;
			attributes = {
				BuildIndependentTargetsInParallel = 1;
				LastSwiftUpdateCheck = 1540;
				LastUpgradeCheck = 1540;
				TargetAttributes = {
					F40E26F42C1EC292008AF5C6 = {
						CreatedOnToolsVersion = 15.4;
					};
					F40E270A2C1EC294008AF5C6 = {
						CreatedOnToolsVersion = 15.4;
						TestTargetID = F40E26F42C1EC292008AF5C6;
					};
					F40E27142C1EC294008AF5C6 = {
						CreatedOnToolsVersion = 15.4;
						TestTargetID = F40E26F42C1EC292008AF5C6;
					};
				};
			};
			buildConfigurationList = F40E26F02C1EC292008AF5C6 /* Build configuration list for PBXProject "iOS-mvvm-practice" */;
			compatibilityVersion = "Xcode 14.0";
			developmentRegion = en;
			hasScannedForEncodings = 0;
			knownRegions = (
				en,
				Base,
			);
			mainGroup = F40E26EC2C1EC292008AF5C6;
			productRefGroup = F40E26F62C1EC292008AF5C6 /* Products */;
			projectDirPath = "";
			projectRoot = "";
			targets = (
				F40E26F42C1EC292008AF5C6 /* iOS-mvvm-practice */,
				F40E270A2C1EC294008AF5C6 /* iOS-mvvm-practiceTests */,
				F40E27142C1EC294008AF5C6 /* iOS-mvvm-practiceUITests */,
			);
		};
/* End PBXProject section */

/* Begin PBXResourcesBuildPhase section */
		F40E26F32C1EC292008AF5C6 /* Resources */ = {
			isa = PBXResourcesBuildPhase;
			buildActionMask = 2147483647;
			files = (
				F40E27022C1EC293008AF5C6 /* Assets.xcassets in Resources */,
				F40E27052C1EC293008AF5C6 /* Base in Resources */,
				F40E27002C1EC292008AF5C6 /* Base in Resources */,
			);
			runOnlyForDeploymentPostprocessing = 0;
		};
		F40E27092C1EC294008AF5C6 /* Resources */ = {
			isa = PBXResourcesBuildPhase;
			buildActionMask = 2147483647;
			files = (
			);
			runOnlyForDeploymentPostprocessing = 0;
		};
		F40E27132C1EC294008AF5C6 /* Resources */ = {
			isa = PBXResourcesBuildPhase;
			buildActionMask = 2147483647;
			files = (
			);
			runOnlyForDeploymentPostprocessing = 0;
		};
/* End PBXResourcesBuildPhase section */

/* Begin PBXSourcesBuildPhase section */
		F40E26F12C1EC292008AF5C6 /* Sources */ = {
			isa = PBXSourcesBuildPhase;
			buildActionMask = 2147483647;
			files = (
				F40E26FD2C1EC292008AF5C6 /* ViewController.swift in Sources */,
				F40E26F92C1EC292008AF5C6 /* AppDelegate.swift in Sources */,
				F40E272E2C1ED97D008AF5C6 /* QuestionViewModel.swift in Sources */,
				F40E26FB2C1EC292008AF5C6 /* SceneDelegate.swift in Sources */,
				F40E272C2C1ECE7C008AF5C6 /* QuestionModel.swift in Sources */,
			);
			runOnlyForDeploymentPostprocessing = 0;
		};
		F40E27072C1EC294008AF5C6 /* Sources */ = {
			isa = PBXSourcesBuildPhase;
			buildActionMask = 2147483647;
			files = (
				F40E27102C1EC294008AF5C6 /* iOS_mvvm_practiceTests.swift in Sources */,
			);
			runOnlyForDeploymentPostprocessing = 0;
		};
		F40E27112C1EC294008AF5C6 /* Sources */ = {
			isa = PBXSourcesBuildPhase;
			buildActionMask = 2147483647;
			files = (
				F40E271A2C1EC294008AF5C6 /* iOS_mvvm_practiceUITests.swift in Sources */,
				F40E271C2C1EC294008AF5C6 /* iOS_mvvm_practiceUITestsLaunchTests.swift in Sources */,
			);
			runOnlyForDeploymentPostprocessing = 0;
		};
/* End PBXSourcesBuildPhase section */

/* Begin PBXTargetDependency section */
		F40E270D2C1EC294008AF5C6 /* PBXTargetDependency */ = {
			isa = PBXTargetDependency;
			target = F40E26F42C1EC292008AF5C6 /* iOS-mvvm-practice */;
			targetProxy = F40E270C2C1EC294008AF5C6 /* PBXContainerItemProxy */;
		};
		F40E27172C1EC294008AF5C6 /* PBXTargetDependency */ = {
			isa = PBXTargetDependency;
			target = F40E26F42C1EC292008AF5C6 /* iOS-mvvm-practice */;
			targetProxy = F40E27162C1EC294008AF5C6 /* PBXContainerItemProxy */;
		};
/* End PBXTargetDependency section */

/* Begin PBXVariantGroup section */
		F40E26FE2C1EC292008AF5C6 /* Main.storyboard */ = {
			isa = PBXVariantGroup;
			children = (
				F40E26FF2C1EC292008AF5C6 /* Base */,
			);
			name = Main.storyboard;
			sourceTree = "<group>";
		};
		F40E27032C1EC293008AF5C6 /* LaunchScreen.storyboard */ = {
			isa = PBXVariantGroup;
			children = (
				F40E27042C1EC293008AF5C6 /* Base */,
			);
			name = LaunchScreen.storyboard;
			sourceTree = "<group>";
		};
/* End PBXVariantGroup section */

/* Begin XCBuildConfiguration section */
		F40E271D2C1EC294008AF5C6 /* Debug */ = {
			isa = XCBuildConfiguration;
			buildSettings = {
				ALWAYS_SEARCH_USER_PATHS = NO;
				ASSETCATALOG_COMPILER_GENERATE_SWIFT_ASSET_SYMBOL_EXTENSIONS = YES;
				CLANG_ANALYZER_NONNULL = YES;
				CLANG_ANALYZER_NUMBER_OBJECT_CONVERSION = YES_AGGRESSIVE;
				CLANG_CXX_LANGUAGE_STANDARD = "gnu++20";
				CLANG_ENABLE_MODULES = YES;
				CLANG_ENABLE_OBJC_ARC = YES;
				CLANG_ENABLE_OBJC_WEAK = YES;
				CLANG_WARN_BLOCK_CAPTURE_AUTORELEASING = YES;
				CLANG_WARN_BOOL_CONVERSION = YES;
				CLANG_WARN_COMMA = YES;
				CLANG_WARN_CONSTANT_CONVERSION = YES;
				CLANG_WARN_DEPRECATED_OBJC_IMPLEMENTATIONS = YES;
				CLANG_WARN_DIRECT_OBJC_ISA_USAGE = YES_ERROR;
				CLANG_WARN_DOCUMENTATION_COMMENTS = YES;
				CLANG_WARN_EMPTY_BODY = YES;
				CLANG_WARN_ENUM_CONVERSION = YES;
				CLANG_WARN_INFINITE_RECURSION = YES;
				CLANG_WARN_INT_CONVERSION = YES;
				CLANG_WARN_NON_LITERAL_NULL_CONVERSION = YES;
				CLANG_WARN_OBJC_IMPLICIT_RETAIN_SELF = YES;
				CLANG_WARN_OBJC_LITERAL_CONVERSION = YES;
				CLANG_WARN_OBJC_ROOT_CLASS = YES_ERROR;
				CLANG_WARN_QUOTED_INCLUDE_IN_FRAMEWORK_HEADER = YES;
				CLANG_WARN_RANGE_LOOP_ANALYSIS = YES;
				CLANG_WARN_STRICT_PROTOTYPES = YES;
				CLANG_WARN_SUSPICIOUS_MOVE = YES;
				CLANG_WARN_UNGUARDED_AVAILABILITY = YES_AGGRESSIVE;
				CLANG_WARN_UNREACHABLE_CODE = YES;
				CLANG_WARN__DUPLICATE_METHOD_MATCH = YES;
				COPY_PHASE_STRIP = NO;
				DEBUG_INFORMATION_FORMAT = dwarf;
				ENABLE_STRICT_OBJC_MSGSEND = YES;
				ENABLE_TESTABILITY = YES;
				ENABLE_USER_SCRIPT_SANDBOXING = YES;
				GCC_C_LANGUAGE_STANDARD = gnu17;
				GCC_DYNAMIC_NO_PIC = NO;
				GCC_NO_COMMON_BLOCKS = YES;
				GCC_OPTIMIZATION_LEVEL = 0;
				GCC_PREPROCESSOR_DEFINITIONS = (
					"DEBUG=1",
					"$(inherited)",
				);
				GCC_WARN_64_TO_32_BIT_CONVERSION = YES;
				GCC_WARN_ABOUT_RETURN_TYPE = YES_ERROR;
				GCC_WARN_UNDECLARED_SELECTOR = YES;
				GCC_WARN_UNINITIALIZED_AUTOS = YES_AGGRESSIVE;
				GCC_WARN_UNUSED_FUNCTION = YES;
				GCC_WARN_UNUSED_VARIABLE = YES;
				IPHONEOS_DEPLOYMENT_TARGET = 17.5;
				LOCALIZATION_PREFERS_STRING_CATALOGS = YES;
				MTL_ENABLE_DEBUG_INFO = INCLUDE_SOURCE;
				MTL_FAST_MATH = YES;
				ONLY_ACTIVE_ARCH = YES;
				SDKROOT = iphoneos;
				SWIFT_ACTIVE_COMPILATION_CONDITIONS = "DEBUG $(inherited)";
				SWIFT_OPTIMIZATION_LEVEL = "-Onone";
			};
			name = Debug;
		};
		F40E271E2C1EC294008AF5C6 /* Release */ = {
			isa = XCBuildConfiguration;
			buildSettings = {
				ALWAYS_SEARCH_USER_PATHS = NO;
				ASSETCATALOG_COMPILER_GENERATE_SWIFT_ASSET_SYMBOL_EXTENSIONS = YES;
				CLANG_ANALYZER_NONNULL = YES;
				CLANG_ANALYZER_NUMBER_OBJECT_CONVERSION = YES_AGGRESSIVE;
				CLANG_CXX_LANGUAGE_STANDARD = "gnu++20";
				CLANG_ENABLE_MODULES = YES;
				CLANG_ENABLE_OBJC_ARC = YES;
				CLANG_ENABLE_OBJC_WEAK = YES;
				CLANG_WARN_BLOCK_CAPTURE_AUTORELEASING = YES;
				CLANG_WARN_BOOL_CONVERSION = YES;
				CLANG_WARN_COMMA = YES;
				CLANG_WARN_CONSTANT_CONVERSION = YES;
				CLANG_WARN_DEPRECATED_OBJC_IMPLEMENTATIONS = YES;
				CLANG_WARN_DIRECT_OBJC_ISA_USAGE = YES_ERROR;
				CLANG_WARN_DOCUMENTATION_COMMENTS = YES;
				CLANG_WARN_EMPTY_BODY = YES;
				CLANG_WARN_ENUM_CONVERSION = YES;
				CLANG_WARN_INFINITE_RECURSION = YES;
				CLANG_WARN_INT_CONVERSION = YES;
				CLANG_WARN_NON_LITERAL_NULL_CONVERSION = YES;
				CLANG_WARN_OBJC_IMPLICIT_RETAIN_SELF = YES;
				CLANG_WARN_OBJC_LITERAL_CONVERSION = YES;
				CLANG_WARN_OBJC_ROOT_CLASS = YES_ERROR;
				CLANG_WARN_QUOTED_INCLUDE_IN_FRAMEWORK_HEADER = YES;
				CLANG_WARN_RANGE_LOOP_ANALYSIS = YES;
				CLANG_WARN_STRICT_PROTOTYPES = YES;
				CLANG_WARN_SUSPICIOUS_MOVE = YES;
				CLANG_WARN_UNGUARDED_AVAILABILITY = YES_AGGRESSIVE;
				CLANG_WARN_UNREACHABLE_CODE = YES;
				CLANG_WARN__DUPLICATE_METHOD_MATCH = YES;
				COPY_PHASE_STRIP = NO;
				DEBUG_INFORMATION_FORMAT = "dwarf-with-dsym";
				ENABLE_NS_ASSERTIONS = NO;
				ENABLE_STRICT_OBJC_MSGSEND = YES;
				ENABLE_USER_SCRIPT_SANDBOXING = YES;
				GCC_C_LANGUAGE_STANDARD = gnu17;
				GCC_NO_COMMON_BLOCKS = YES;
				GCC_WARN_64_TO_32_BIT_CONVERSION = YES;
				GCC_WARN_ABOUT_RETURN_TYPE = YES_ERROR;
				GCC_WARN_UNDECLARED_SELECTOR = YES;
				GCC_WARN_UNINITIALIZED_AUTOS = YES_AGGRESSIVE;
				GCC_WARN_UNUSED_FUNCTION = YES;
				GCC_WARN_UNUSED_VARIABLE = YES;
				IPHONEOS_DEPLOYMENT_TARGET = 17.5;
				LOCALIZATION_PREFERS_STRING_CATALOGS = YES;
				MTL_ENABLE_DEBUG_INFO = NO;
				MTL_FAST_MATH = YES;
				SDKROOT = iphoneos;
				SWIFT_COMPILATION_MODE = wholemodule;
				VALIDATE_PRODUCT = YES;
			};
			name = Release;
		};
		F40E27202C1EC294008AF5C6 /* Debug */ = {
			isa = XCBuildConfiguration;
			buildSettings = {
				ASSETCATALOG_COMPILER_APPICON_NAME = AppIcon;
				ASSETCATALOG_COMPILER_GLOBAL_ACCENT_COLOR_NAME = AccentColor;
				CODE_SIGN_STYLE = Automatic;
				CURRENT_PROJECT_VERSION = 1;
				DEVELOPMENT_TEAM = 9AS5P36Y84;
				GENERATE_INFOPLIST_FILE = YES;
				INFOPLIST_FILE = "iOS-mvvm-practice/Info.plist";
				INFOPLIST_KEY_UIApplicationSupportsIndirectInputEvents = YES;
				INFOPLIST_KEY_UILaunchStoryboardName = LaunchScreen;
				INFOPLIST_KEY_UIMainStoryboardFile = Main;
				INFOPLIST_KEY_UISupportedInterfaceOrientations_iPad = "UIInterfaceOrientationPortrait UIInterfaceOrientationPortraitUpsideDown UIInterfaceOrientationLandscapeLeft UIInterfaceOrientationLandscapeRight";
				INFOPLIST_KEY_UISupportedInterfaceOrientations_iPhone = "UIInterfaceOrientationPortrait UIInterfaceOrientationLandscapeLeft UIInterfaceOrientationLandscapeRight";
				LD_RUNPATH_SEARCH_PATHS = (
					"$(inherited)",
					"@executable_path/Frameworks",
				);
				MARKETING_VERSION = 1.0;
				PRODUCT_BUNDLE_IDENTIFIER = "com.sj.iOS-mvvm-practice";
				PRODUCT_NAME = "$(TARGET_NAME)";
				SWIFT_EMIT_LOC_STRINGS = YES;
				SWIFT_VERSION = 5.0;
				TARGETED_DEVICE_FAMILY = "1,2";
			};
			name = Debug;
		};
		F40E27212C1EC294008AF5C6 /* Release */ = {
			isa = XCBuildConfiguration;
			buildSettings = {
				ASSETCATALOG_COMPILER_APPICON_NAME = AppIcon;
				ASSETCATALOG_COMPILER_GLOBAL_ACCENT_COLOR_NAME = AccentColor;
				CODE_SIGN_STYLE = Automatic;
				CURRENT_PROJECT_VERSION = 1;
				DEVELOPMENT_TEAM = 9AS5P36Y84;
				GENERATE_INFOPLIST_FILE = YES;
				INFOPLIST_FILE = "iOS-mvvm-practice/Info.plist";
				INFOPLIST_KEY_UIApplicationSupportsIndirectInputEvents = YES;
				INFOPLIST_KEY_UILaunchStoryboardName = LaunchScreen;
				INFOPLIST_KEY_UIMainStoryboardFile = Main;
				INFOPLIST_KEY_UISupportedInterfaceOrientations_iPad = "UIInterfaceOrientationPortrait UIInterfaceOrientationPortraitUpsideDown UIInterfaceOrientationLandscapeLeft UIInterfaceOrientationLandscapeRight";
				INFOPLIST_KEY_UISupportedInterfaceOrientations_iPhone = "UIInterfaceOrientationPortrait UIInterfaceOrientationLandscapeLeft UIInterfaceOrientationLandscapeRight";
				LD_RUNPATH_SEARCH_PATHS = (
					"$(inherited)",
					"@executable_path/Frameworks",
				);
				MARKETING_VERSION = 1.0;
				PRODUCT_BUNDLE_IDENTIFIER = "com.sj.iOS-mvvm-practice";
				PRODUCT_NAME = "$(TARGET_NAME)";
				SWIFT_EMIT_LOC_STRINGS = YES;
				SWIFT_VERSION = 5.0;
				TARGETED_DEVICE_FAMILY = "1,2";
			};
			name = Release;
		};
		F40E27232C1EC294008AF5C6 /* Debug */ = {
			isa = XCBuildConfiguration;
			buildSettings = {
				ALWAYS_EMBED_SWIFT_STANDARD_LIBRARIES = YES;
				BUNDLE_LOADER = "$(TEST_HOST)";
				CODE_SIGN_STYLE = Automatic;
				CURRENT_PROJECT_VERSION = 1;
				DEVELOPMENT_TEAM = 9AS5P36Y84;
				GENERATE_INFOPLIST_FILE = YES;
				IPHONEOS_DEPLOYMENT_TARGET = 17.5;
				MARKETING_VERSION = 1.0;
				PRODUCT_BUNDLE_IDENTIFIER = "com.sj.iOS-mvvm-practiceTests";
				PRODUCT_NAME = "$(TARGET_NAME)";
				SWIFT_EMIT_LOC_STRINGS = NO;
				SWIFT_VERSION = 5.0;
				TARGETED_DEVICE_FAMILY = "1,2";
				TEST_HOST = "$(BUILT_PRODUCTS_DIR)/iOS-mvvm-practice.app/$(BUNDLE_EXECUTABLE_FOLDER_PATH)/iOS-mvvm-practice";
			};
			name = Debug;
		};
		F40E27242C1EC294008AF5C6 /* Release */ = {
			isa = XCBuildConfiguration;
			buildSettings = {
				ALWAYS_EMBED_SWIFT_STANDARD_LIBRARIES = YES;
				BUNDLE_LOADER = "$(TEST_HOST)";
				CODE_SIGN_STYLE = Automatic;
				CURRENT_PROJECT_VERSION = 1;
				DEVELOPMENT_TEAM = 9AS5P36Y84;
				GENERATE_INFOPLIST_FILE = YES;
				IPHONEOS_DEPLOYMENT_TARGET = 17.5;
				MARKETING_VERSION = 1.0;
				PRODUCT_BUNDLE_IDENTIFIER = "com.sj.iOS-mvvm-practiceTests";
				PRODUCT_NAME = "$(TARGET_NAME)";
				SWIFT_EMIT_LOC_STRINGS = NO;
				SWIFT_VERSION = 5.0;
				TARGETED_DEVICE_FAMILY = "1,2";
				TEST_HOST = "$(BUILT_PRODUCTS_DIR)/iOS-mvvm-practice.app/$(BUNDLE_EXECUTABLE_FOLDER_PATH)/iOS-mvvm-practice";
			};
			name = Release;
		};
		F40E27262C1EC294008AF5C6 /* Debug */ = {
			isa = XCBuildConfiguration;
			buildSettings = {
				ALWAYS_EMBED_SWIFT_STANDARD_LIBRARIES = YES;
				CODE_SIGN_STYLE = Automatic;
				CURRENT_PROJECT_VERSION = 1;
				DEVELOPMENT_TEAM = 9AS5P36Y84;
				GENERATE_INFOPLIST_FILE = YES;
				MARKETING_VERSION = 1.0;
				PRODUCT_BUNDLE_IDENTIFIER = "com.sj.iOS-mvvm-practiceUITests";
				PRODUCT_NAME = "$(TARGET_NAME)";
				SWIFT_EMIT_LOC_STRINGS = NO;
				SWIFT_VERSION = 5.0;
				TARGETED_DEVICE_FAMILY = "1,2";
				TEST_TARGET_NAME = "iOS-mvvm-practice";
			};
			name = Debug;
		};
		F40E27272C1EC294008AF5C6 /* Release */ = {
			isa = XCBuildConfiguration;
			buildSettings = {
				ALWAYS_EMBED_SWIFT_STANDARD_LIBRARIES = YES;
				CODE_SIGN_STYLE = Automatic;
				CURRENT_PROJECT_VERSION = 1;
				DEVELOPMENT_TEAM = 9AS5P36Y84;
				GENERATE_INFOPLIST_FILE = YES;
				MARKETING_VERSION = 1.0;
				PRODUCT_BUNDLE_IDENTIFIER = "com.sj.iOS-mvvm-practiceUITests";
				PRODUCT_NAME = "$(TARGET_NAME)";
				SWIFT_EMIT_LOC_STRINGS = NO;
				SWIFT_VERSION = 5.0;
				TARGETED_DEVICE_FAMILY = "1,2";
				TEST_TARGET_NAME = "iOS-mvvm-practice";
			};
			name = Release;
		};
/* End XCBuildConfiguration section */

/* Begin XCConfigurationList section */
		F40E26F02C1EC292008AF5C6 /* Build configuration list for PBXProject "iOS-mvvm-practice" */ = {
			isa = XCConfigurationList;
			buildConfigurations = (
				F40E271D2C1EC294008AF5C6 /* Debug */,
				F40E271E2C1EC294008AF5C6 /* Release */,
			);
			defaultConfigurationIsVisible = 0;
			defaultConfigurationName = Release;
		};
		F40E271F2C1EC294008AF5C6 /* Build configuration list for PBXNativeTarget "iOS-mvvm-practice" */ = {
			isa = XCConfigurationList;
			buildConfigurations = (
				F40E27202C1EC294008AF5C6 /* Debug */,
				F40E27212C1EC294008AF5C6 /* Release */,
			);
			defaultConfigurationIsVisible = 0;
			defaultConfigurationName = Release;
		};
		F40E27222C1EC294008AF5C6 /* Build configuration list for PBXNativeTarget "iOS-mvvm-practiceTests" */ = {
			isa = XCConfigurationList;
			buildConfigurations = (
				F40E27232C1EC294008AF5C6 /* Debug */,
				F40E27242C1EC294008AF5C6 /* Release */,
			);
			defaultConfigurationIsVisible = 0;
			defaultConfigurationName = Release;
		};
		F40E27252C1EC294008AF5C6 /* Build configuration list for PBXNativeTarget "iOS-mvvm-practiceUITests" */ = {
			isa = XCConfigurationList;
			buildConfigurations = (
				F40E27262C1EC294008AF5C6 /* Debug */,
				F40E27272C1EC294008AF5C6 /* Release */,
			);
			defaultConfigurationIsVisible = 0;
			defaultConfigurationName = Release;
		};
/* End XCConfigurationList section */
	};
	rootObject = F40E26ED2C1EC292008AF5C6 /* Project object */;
}
